
Microsoft Visual Studio Solution File, Format Version 12.00
# Visual Studio 15
VisualStudioVersion = 15.0.28307.168
MinimumVisualStudioVersion = 10.0.40219.1
Project("{FAE04EC0-301F-11D3-BF4B-00C04F79EFBC}") = "JQueryDataTable", "JQueryDataTable\JQueryDataTable.csproj", "{1C140076-051D-4A04-9038-358654433737}"
EndProject
Global
	GlobalSection(SolutionConfigurationPlatforms) = preSolution
		Debug|Any CPU = Debug|Any CPU
		Release|Any CPU = Release|Any CPU
	EndGlobalSection
	GlobalSection(ProjectConfigurationPlatforms) = postSolution
		{1C140076-051D-4A04-9038-358654433737}.Debug|Any CPU.ActiveCfg = Debug|Any CPU
		{1C140076-051D-4A04-9038-358654433737}.Debug|Any CPU.Build.0 = Debug|Any CPU
		{1C140076-051D-4A04-9038-358654433737}.Release|Any CPU.ActiveCfg = Release|Any CPU
		{1C140076-051D-4A04-9038-358654433737}.Release|Any CPU.Build.0 = Release|Any CPU
	EndGlobalSection
	GlobalSection(SolutionProperties) = preSolution
		HideSolutionNode = FALSE
	EndGlobalSection
	GlobalSection(ExtensibilityGlobals) = postSolution
		SolutionGuid = {8A44574E-B456-4354-8C4B-7E799378C0BD}
	EndGlobalSection
EndGlobal
